// !$*UTF8*$!
{
	archiveVersion = 1;
	classes = {
	};
	objectVersion = 46;
	objects = {

/* Begin PBXBuildFile section */
		8657AFAA1AB27B5700FC9FE5 /* AppDelegate.swift in Sources */ = {isa = PBXBuildFile; fileRef = 8657AFA91AB27B5700FC9FE5 /* AppDelegate.swift */; };
		8657AFAD1AB27B5700FC9FE5 /* ACCar.xcdatamodeld in Sources */ = {isa = PBXBuildFile; fileRef = 8657AFAB1AB27B5700FC9FE5 /* ACCar.xcdatamodeld */; };
		8657AFAF1AB27B5700FC9FE5 /* ViewController.swift in Sources */ = {isa = PBXBuildFile; fileRef = 8657AFAE1AB27B5700FC9FE5 /* ViewController.swift */; };
		8657AFB21AB27B5700FC9FE5 /* Main.storyboard in Resources */ = {isa = PBXBuildFile; fileRef = 8657AFB01AB27B5700FC9FE5 /* Main.storyboard */; };
		8657AFB41AB27B5700FC9FE5 /* Images.xcassets in Resources */ = {isa = PBXBuildFile; fileRef = 8657AFB31AB27B5700FC9FE5 /* Images.xcassets */; };
		8657AFB71AB27B5700FC9FE5 /* LaunchScreen.xib in Resources */ = {isa = PBXBuildFile; fileRef = 8657AFB51AB27B5700FC9FE5 /* LaunchScreen.xib */; };
		8657AFC31AB27B5700FC9FE5 /* ACCarTests.swift in Sources */ = {isa = PBXBuildFile; fileRef = 8657AFC21AB27B5700FC9FE5 /* ACCarTests.swift */; };
/* End PBXBuildFile section */

/* Begin PBXContainerItemProxy section */
		8657AFBD1AB27B5700FC9FE5 /* PBXContainerItemProxy */ = {
			isa = PBXContainerItemProxy;
			containerPortal = 8657AF9C1AB27B5600FC9FE5 /* Project object */;
			proxyType = 1;
			remoteGlobalIDString = 8657AFA31AB27B5700FC9FE5;
			remoteInfo = ACCar;
		};
/* End PBXContainerItemProxy section */

/* Begin PBXFileReference section */
		8657AFA41AB27B5700FC9FE5 /* ACCar.app */ = {isa = PBXFileReference; explicitFileType = wrapper.application; includeInIndex = 0; path = ACCar.app; sourceTree = BUILT_PRODUCTS_DIR; };
		8657AFA81AB27B5700FC9FE5 /* Info.plist */ = {isa = PBXFileReference; lastKnownFileType = text.plist.xml; path = Info.plist; sourceTree = "<group>"; };
		8657AFA91AB27B5700FC9FE5 /* AppDelegate.swift */ = {isa = PBXFileReference; lastKnownFileType = sourcecode.swift; path = AppDelegate.swift; sourceTree = "<group>"; };
		8657AFAC1AB27B5700FC9FE5 /* ACCar.xcdatamodel */ = {isa = PBXFileReference; lastKnownFileType = wrapper.xcdatamodel; path = ACCar.xcdatamodel; sourceTree = "<group>"; };
		8657AFAE1AB27B5700FC9FE5 /* ViewController.swift */ = {isa = PBXFileReference; lastKnownFileType = sourcecode.swift; path = ViewController.swift; sourceTree = "<group>"; };
		8657AFB11AB27B5700FC9FE5 /* Base */ = {isa = PBXFileReference; lastKnownFileType = file.storyboard; name = Base; path = Base.lproj/Main.storyboard; sourceTree = "<group>"; };
		8657AFB31AB27B5700FC9FE5 /* Images.xcassets */ = {isa = PBXFileReference; lastKnownFileType = folder.assetcatalog; path = Images.xcassets; sourceTree = "<group>"; };
		8657AFB61AB27B5700FC9FE5 /* Base */ = {isa = PBXFileReference; lastKnownFileType = file.xib; name = Base; path = Base.lproj/LaunchScreen.xib; sourceTree = "<group>"; };
		8657AFBC1AB27B5700FC9FE5 /* ACCarTests.xctest */ = {isa = PBXFileReference; explicitFileType = wrapper.cfbundle; includeInIndex = 0; path = ACCarTests.xctest; sourceTree = BUILT_PRODUCTS_DIR; };
		8657AFC11AB27B5700FC9FE5 /* Info.plist */ = {isa = PBXFileReference; lastKnownFileType = text.plist.xml; path = Info.plist; sourceTree = "<group>"; };
		8657AFC21AB27B5700FC9FE5 /* ACCarTests.swift */ = {isa = PBXFileReference; lastKnownFileType = sourcecode.swift; path = ACCarTests.swift; sourceTree = "<group>"; };
/* End PBXFileReference section */

/* Begin PBXFrameworksBuildPhase section */
		8657AFA11AB27B5700FC9FE5 /* Frameworks */ = {
			isa = PBXFrameworksBuildPhase;
			buildActionMask = 2147483647;
			files = (
			);
			runOnlyForDeploymentPostprocessing = 0;
		};
		8657AFB91AB27B5700FC9FE5 /* Frameworks */ = {
			isa = PBXFrameworksBuildPhase;
			buildActionMask = 2147483647;
			files = (
			);
			runOnlyForDeploymentPostprocessing = 0;
		};
/* End PBXFrameworksBuildPhase section */

/* Begin PBXGroup section */
		8657AF9B1AB27B5600FC9FE5 = {
			isa = PBXGroup;
			children = (
				8657AFA61AB27B5700FC9FE5 /* ACCar */,
				8657AFBF1AB27B5700FC9FE5 /* ACCarTests */,
				8657AFA51AB27B5700FC9FE5 /* Products */,
			);
			sourceTree = "<group>";
		};
		8657AFA51AB27B5700FC9FE5 /* Products */ = {
			isa = PBXGroup;
			children = (
				8657AFA41AB27B5700FC9FE5 /* ACCar.app */,
				8657AFBC1AB27B5700FC9FE5 /* ACCarTests.xctest */,
			);
			name = Products;
			sourceTree = "<group>";
		};
		8657AFA61AB27B5700FC9FE5 /* ACCar */ = {
			isa = PBXGroup;
			children = (
				8657AFA91AB27B5700FC9FE5 /* AppDelegate.swift */,
				8657AFAE1AB27B5700FC9FE5 /* ViewController.swift */,
				8657AFB01AB27B5700FC9FE5 /* Main.storyboard */,
				8657AFB31AB27B5700FC9FE5 /* Images.xcassets */,
				8657AFB51AB27B5700FC9FE5 /* LaunchScreen.xib */,
				8657AFAB1AB27B5700FC9FE5 /* ACCar.xcdatamodeld */,
				8657AFA71AB27B5700FC9FE5 /* Supporting Files */,
			);
			path = ACCar;
			sourceTree = "<group>";
		};
		8657AFA71AB27B5700FC9FE5 /* Supporting Files */ = {
			isa = PBXGroup;
			children = (
				8657AFA81AB27B5700FC9FE5 /* Info.plist */,
			);
			name = "Supporting Files";
			sourceTree = "<group>";
		};
		8657AFBF1AB27B5700FC9FE5 /* ACCarTests */ = {
			isa = PBXGroup;
			children = (
				8657AFC21AB27B5700FC9FE5 /* ACCarTests.swift */,
				8657AFC01AB27B5700FC9FE5 /* Supporting Files */,
			);
			path = ACCarTests;
			sourceTree = "<group>";
		};
		8657AFC01AB27B5700FC9FE5 /* Supporting Files */ = {
			isa = PBXGroup;
			children = (
				8657AFC11AB27B5700FC9FE5 /* Info.plist */,
			);
			name = "Supporting Files";
			sourceTree = "<group>";
		};
/* End PBXGroup section */

/* Begin PBXNativeTarget section */
		8657AFA31AB27B5700FC9FE5 /* ACCar */ = {
			isa = PBXNativeTarget;
			buildConfigurationList = 8657AFC61AB27B5700FC9FE5 /* Build configuration list for PBXNativeTarget "ACCar" */;
			buildPhases = (
				8657AFA01AB27B5700FC9FE5 /* Sources */,
				8657AFA11AB27B5700FC9FE5 /* Frameworks */,
				8657AFA21AB27B5700FC9FE5 /* Resources */,
			);
			buildRules = (
			);
			dependencies = (
			);
			name = ACCar;
			productName = ACCar;
			productReference = 8657AFA41AB27B5700FC9FE5 /* ACCar.app */;
			productType = "com.apple.product-type.application";
		};
		8657AFBB1AB27B5700FC9FE5 /* ACCarTests */ = {
			isa = PBXNativeTarget;
			buildConfigurationList = 8657AFC91AB27B5700FC9FE5 /* Build configuration list for PBXNativeTarget "ACCarTests" */;
			buildPhases = (
				8657AFB81AB27B5700FC9FE5 /* Sources */,
				8657AFB91AB27B5700FC9FE5 /* Frameworks */,
				8657AFBA1AB27B5700FC9FE5 /* Resources */,
			);
			buildRules = (
			);
			dependencies = (
				8657AFBE1AB27B5700FC9FE5 /* PBXTargetDependency */,
			);
			name = ACCarTests;
			productName = ACCarTests;
			productReference = 8657AFBC1AB27B5700FC9FE5 /* ACCarTests.xctest */;
			productType = "com.apple.product-type.bundle.unit-test";
		};
/* End PBXNativeTarget section */

/* Begin PBXProject section */
		8657AF9C1AB27B5600FC9FE5 /* Project object */ = {
			isa = PBXProject;
			attributes = {
				LastUpgradeCheck = 0610;
				ORGANIZATIONNAME = WeddingWire;
				TargetAttributes = {
					8657AFA31AB27B5700FC9FE5 = {
						CreatedOnToolsVersion = 6.1.1;
					};
					8657AFBB1AB27B5700FC9FE5 = {
						CreatedOnToolsVersion = 6.1.1;
						TestTargetID = 8657AFA31AB27B5700FC9FE5;
					};
				};
			};
			buildConfigurationList = 8657AF9F1AB27B5600FC9FE5 /* Build configuration list for PBXProject "ACCar" */;
			compatibilityVersion = "Xcode 3.2";
			developmentRegion = English;
			hasScannedForEncodings = 0;
			knownRegions = (
				en,
				Base,
			);
			mainGroup = 8657AF9B1AB27B5600FC9FE5;
			productRefGroup = 8657AFA51AB27B5700FC9FE5 /* Products */;
			projectDirPath = "";
			projectRoot = "";
			targets = (
				8657AFA31AB27B5700FC9FE5 /* ACCar */,
				8657AFBB1AB27B5700FC9FE5 /* ACCarTests */,
			);
		};
/* End PBXProject section */

/* Begin PBXResourcesBuildPhase section */
		8657AFA21AB27B5700FC9FE5 /* Resources */ = {
			isa = PBXResourcesBuildPhase;
			buildActionMask = 2147483647;
			files = (
				8657AFB21AB27B5700FC9FE5 /* Main.storyboard in Resources */,
				8657AFB71AB27B5700FC9FE5 /* LaunchScreen.xib in Resources */,
				8657AFB41AB27B5700FC9FE5 /* Images.xcassets in Resources */,
			);
			runOnlyForDeploymentPostprocessing = 0;
		};
		8657AFBA1AB27B5700FC9FE5 /* Resources */ = {
			isa = PBXResourcesBuildPhase;
			buildActionMask = 2147483647;
			files = (
			);
			runOnlyForDeploymentPostprocessing = 0;
		};
/* End PBXResourcesBuildPhase section */

/* Begin PBXSourcesBuildPhase section */
		8657AFA01AB27B5700FC9FE5 /* Sources */ = {
			isa = PBXSourcesBuildPhase;
			buildActionMask = 2147483647;
			files = (
				8657AFAF1AB27B5700FC9FE5 /* ViewController.swift in Sources */,
				8657AFAD1AB27B5700FC9FE5 /* ACCar.xcdatamodeld in Sources */,
				8657AFAA1AB27B5700FC9FE5 /* AppDelegate.swift in Sources */,
			);
			runOnlyForDeploymentPostprocessing = 0;
		};
		8657AFB81AB27B5700FC9FE5 /* Sources */ = {
			isa = PBXSourcesBuildPhase;
			buildActionMask = 2147483647;
			files = (
				8657AFC31AB27B5700FC9FE5 /* ACCarTests.swift in Sources */,
			);
			runOnlyForDeploymentPostprocessing = 0;
		};
/* End PBXSourcesBuildPhase section */

/* Begin PBXTargetDependency section */
		8657AFBE1AB27B5700FC9FE5 /* PBXTargetDependency */ = {
			isa = PBXTargetDependency;
			target = 8657AFA31AB27B5700FC9FE5 /* ACCar */;
			targetProxy = 8657AFBD1AB27B5700FC9FE5 /* PBXContainerItemProxy */;
		};
/* End PBXTargetDependency section */

/* Begin PBXVariantGroup section */
		8657AFB01AB27B5700FC9FE5 /* Main.storyboard */ = {
			isa = PBXVariantGroup;
			children = (
				8657AFB11AB27B5700FC9FE5 /* Base */,
			);
			name = Main.storyboard;
			sourceTree = "<group>";
		};
		8657AFB51AB27B5700FC9FE5 /* LaunchScreen.xib */ = {
			isa = PBXVariantGroup;
			children = (
				8657AFB61AB27B5700FC9FE5 /* Base */,
			);
			name = LaunchScreen.xib;
			sourceTree = "<group>";
		};
/* End PBXVariantGroup section */

/* Begin XCBuildConfiguration section */
		8657AFC41AB27B5700FC9FE5 /* Debug */ = {
			isa = XCBuildConfiguration;
			buildSettings = {
				ALWAYS_SEARCH_USER_PATHS = NO;
				CLANG_CXX_LANGUAGE_STANDARD = "gnu++0x";
				CLANG_CXX_LIBRARY = "libc++";
				CLANG_ENABLE_MODULES = YES;
				CLANG_ENABLE_OBJC_ARC = YES;
				CLANG_WARN_BOOL_CONVERSION = YES;
				CLANG_WARN_CONSTANT_CONVERSION = YES;
				CLANG_WARN_DIRECT_OBJC_ISA_USAGE = YES_ERROR;
				CLANG_WARN_EMPTY_BODY = YES;
				CLANG_WARN_ENUM_CONVERSION = YES;
				CLANG_WARN_INT_CONVERSION = YES;
				CLANG_WARN_OBJC_ROOT_CLASS = YES_ERROR;
				CLANG_WARN_UNREACHABLE_CODE = YES;
				CLANG_WARN__DUPLICATE_METHOD_MATCH = YES;
				"CODE_SIGN_IDENTITY[sdk=iphoneos*]" = "iPhone Developer";
				COPY_PHASE_STRIP = NO;
				ENABLE_STRICT_OBJC_MSGSEND = YES;
				GCC_C_LANGUAGE_STANDARD = gnu99;
				GCC_DYNAMIC_NO_PIC = NO;
				GCC_OPTIMIZATION_LEVEL = 0;
				GCC_PREPROCESSOR_DEFINITIONS = (
					"DEBUG=1",
					"$(inherited)",
				);
				GCC_SYMBOLS_PRIVATE_EXTERN = NO;
				GCC_WARN_64_TO_32_BIT_CONVERSION = YES;
				GCC_WARN_ABOUT_RETURN_TYPE = YES_ERROR;
				GCC_WARN_UNDECLARED_SELECTOR = YES;
				GCC_WARN_UNINITIALIZED_AUTOS = YES_AGGRESSIVE;
				GCC_WARN_UNUSED_FUNCTION = YES;
				GCC_WARN_UNUSED_VARIABLE = YES;
				IPHONEOS_DEPLOYMENT_TARGET = 8.1;
				MTL_ENABLE_DEBUG_INFO = YES;
				ONLY_ACTIVE_ARCH = YES;
				SDKROOT = iphoneos;
				SWIFT_OPTIMIZATION_LEVEL = "-Onone";
			};
			name = Debug;
		};
		8657AFC51AB27B5700FC9FE5 /* Release */ = {
			isa = XCBuildConfiguration;
			buildSettings = {
				ALWAYS_SEARCH_USER_PATHS = NO;
				CLANG_CXX_LANGUAGE_STANDARD = "gnu++0x";
				CLANG_CXX_LIBRARY = "libc++";
				CLANG_ENABLE_MODULES = YES;
				CLANG_ENABLE_OBJC_ARC = YES;
				CLANG_WARN_BOOL_CONVERSION = YES;
				CLANG_WARN_CONSTANT_CONVERSION = YES;
				CLANG_WARN_DIRECT_OBJC_ISA_USAGE = YES_ERROR;
				CLANG_WARN_EMPTY_BODY = YES;
				CLANG_WARN_ENUM_CONVERSION = YES;
				CLANG_WARN_INT_CONVERSION = YES;
				CLANG_WARN_OBJC_ROOT_CLASS = YES_ERROR;
				CLANG_WARN_UNREACHABLE_CODE = YES;
				CLANG_WARN__DUPLICATE_METHOD_MATCH = YES;
				"CODE_SIGN_IDENTITY[sdk=iphoneos*]" = "iPhone Developer";
				COPY_PHASE_STRIP = YES;
				ENABLE_NS_ASSERTIONS = NO;
				ENABLE_STRICT_OBJC_MSGSEND = YES;
				GCC_C_LANGUAGE_STANDARD = gnu99;
				GCC_WARN_64_TO_32_BIT_CONVERSION = YES;
				GCC_WARN_ABOUT_RETURN_TYPE = YES_ERROR;
				GCC_WARN_UNDECLARED_SELECTOR = YES;
				GCC_WARN_UNINITIALIZED_AUTOS = YES_AGGRESSIVE;
				GCC_WARN_UNUSED_FUNCTION = YES;
				GCC_WARN_UNUSED_VARIABLE = YES;
				IPHONEOS_DEPLOYMENT_TARGET = 8.1;
				MTL_ENABLE_DEBUG_INFO = NO;
				SDKROOT = iphoneos;
				VALIDATE_PRODUCT = YES;
			};
			name = Release;
		};
		8657AFC71AB27B5700FC9FE5 /* Debug */ = {
			isa = XCBuildConfiguration;
			buildSettings = {
				ASSETCATALOG_COMPILER_APPICON_NAME = AppIcon;
				INFOPLIST_FILE = ACCar/Info.plist;
				LD_RUNPATH_SEARCH_PATHS = "$(inherited) @executable_path/Frameworks";
				PRODUCT_NAME = "$(TARGET_NAME)";
			};
			name = Debug;
		};
		8657AFC81AB27B5700FC9FE5 /* Release */ = {
			isa = XCBuildConfiguration;
			buildSettings = {
				ASSETCATALOG_COMPILER_APPICON_NAME = AppIcon;
				INFOPLIST_FILE = ACCar/Info.plist;
				LD_RUNPATH_SEARCH_PATHS = "$(inherited) @executable_path/Frameworks";
				PRODUCT_NAME = "$(TARGET_NAME)";
			};
			name = Release;
		};
		8657AFCA1AB27B5700FC9FE5 /* Debug */ = {
			isa = XCBuildConfiguration;
			buildSettings = {
				BUNDLE_LOADER = "$(TEST_HOST)";
				FRAMEWORK_SEARCH_PATHS = (
					"$(SDKROOT)/Developer/Library/Frameworks",
					"$(inherited)",
				);
				GCC_PREPROCESSOR_DEFINITIONS = (
					"DEBUG=1",
					"$(inherited)",
				);
				INFOPLIST_FILE = ACCarTests/Info.plist;
				LD_RUNPATH_SEARCH_PATHS = "$(inherited) @executable_path/Frameworks @loader_path/Frameworks";
				PRODUCT_NAME = "$(TARGET_NAME)";
				TEST_HOST = "$(BUILT_PRODUCTS_DIR)/ACCar.app/ACCar";
			};
			name = Debug;
		};
		8657AFCB1AB27B5700FC9FE5 /* Release */ = {
			isa = XCBuildConfiguration;
			buildSettings = {
				BUNDLE_LOADER = "$(TEST_HOST)";
				FRAMEWORK_SEARCH_PATHS = (
					"$(SDKROOT)/Developer/Library/Frameworks",
					"$(inherited)",
				);
				INFOPLIST_FILE = ACCarTests/Info.plist;
				LD_RUNPATH_SEARCH_PATHS = "$(inherited) @executable_path/Frameworks @loader_path/Frameworks";
				PRODUCT_NAME = "$(TARGET_NAME)";
				TEST_HOST = "$(BUILT_PRODUCTS_DIR)/ACCar.app/ACCar";
			};
			name = Release;
		};
/* End XCBuildConfiguration section */

/* Begin XCConfigurationList section */
		8657AF9F1AB27B5600FC9FE5 /* Build configuration list for PBXProject "ACCar" */ = {
			isa = XCConfigurationList;
			buildConfigurations = (
				8657AFC41AB27B5700FC9FE5 /* Debug */,
				8657AFC51AB27B5700FC9FE5 /* Release */,
			);
			defaultConfigurationIsVisible = 0;
			defaultConfigurationName = Release;
		};
		8657AFC61AB27B5700FC9FE5 /* Build configuration list for PBXNativeTarget "ACCar" */ = {
			isa = XCConfigurationList;
			buildConfigurations = (
				8657AFC71AB27B5700FC9FE5 /* Debug */,
				8657AFC81AB27B5700FC9FE5 /* Release */,
			);
			defaultConfigurationIsVisible = 0;
		};
		8657AFC91AB27B5700FC9FE5 /* Build configuration list for PBXNativeTarget "ACCarTests" */ = {
			isa = XCConfigurationList;
			buildConfigurations = (
				8657AFCA1AB27B5700FC9FE5 /* Debug */,
				8657AFCB1AB27B5700FC9FE5 /* Release */,
			);
			defaultConfigurationIsVisible = 0;
		};
/* End XCConfigurationList section */

/* Begin XCVersionGroup section */
		8657AFAB1AB27B5700FC9FE5 /* ACCar.xcdatamodeld */ = {
			isa = XCVersionGroup;
			children = (
				8657AFAC1AB27B5700FC9FE5 /* ACCar.xcdatamodel */,
			);
			currentVersion = 8657AFAC1AB27B5700FC9FE5 /* ACCar.xcdatamodel */;
			path = ACCar.xcdatamodeld;
			sourceTree = "<group>";
			versionGroupType = wrapper.xcdatamodel;
		};
/* End XCVersionGroup section */
	};
	rootObject = 8657AF9C1AB27B5600FC9FE5 /* Project object */;
}
